
Microsoft Visual Studio Solution File, Format Version 12.00
# Visual Studio Version 17
VisualStudioVersion = 17.8.34408.163
MinimumVisualStudioVersion = 10.0.40219.1
Project("{9A19103F-16F7-4668-BE54-9A1E7A4F7556}") = "EmployeeApplicationForm.API", "EmployeeApplicationForm.API.csproj", "{5CAF516D-5ABB-410A-9FBC-AF92E13C6B41}"
EndProject
Project("{FAE04EC0-301F-11D3-BF4B-00C04F79EFBC}") = "EmplpyeeApplicationForm.Infrastructure", "..\EmplpyeeApplicationForm.Infrastructure\EmplpyeeApplicationForm.Infrastructure.csproj", "{52D78A65-218D-42D8-A8C6-0A86CFFD1AF8}"
EndProject
Project("{FAE04EC0-301F-11D3-BF4B-00C04F79EFBC}") = "EmployeeApplicationForm.Domain", "..\EmployeeApplicationForm.Domain\EmployeeApplicationForm.Domain.csproj", "{801CD35A-B7D6-405D-A965-74D6A6CFE643}"
EndProject
Global
	GlobalSection(SolutionConfigurationPlatforms) = preSolution
		Debug|Any CPU = Debug|Any CPU
		Release|Any CPU = Release|Any CPU
	EndGlobalSection
	GlobalSection(ProjectConfigurationPlatforms) = postSolution
		{5CAF516D-5ABB-410A-9FBC-AF92E13C6B41}.Debug|Any CPU.ActiveCfg = Debug|Any CPU
		{5CAF516D-5ABB-410A-9FBC-AF92E13C6B41}.Debug|Any CPU.Build.0 = Debug|Any CPU
		{5CAF516D-5ABB-410A-9FBC-AF92E13C6B41}.Release|Any CPU.ActiveCfg = Release|Any CPU
		{5CAF516D-5ABB-410A-9FBC-AF92E13C6B41}.Release|Any CPU.Build.0 = Release|Any CPU
		{52D78A65-218D-42D8-A8C6-0A86CFFD1AF8}.Debug|Any CPU.ActiveCfg = Debug|Any CPU
		{52D78A65-218D-42D8-A8C6-0A86CFFD1AF8}.Debug|Any CPU.Build.0 = Debug|Any CPU
		{52D78A65-218D-42D8-A8C6-0A86CFFD1AF8}.Release|Any CPU.ActiveCfg = Release|Any CPU
		{52D78A65-218D-42D8-A8C6-0A86CFFD1AF8}.Release|Any CPU.Build.0 = Release|Any CPU
		{801CD35A-B7D6-405D-A965-74D6A6CFE643}.Debug|Any CPU.ActiveCfg = Debug|Any CPU
		{801CD35A-B7D6-405D-A965-74D6A6CFE643}.Debug|Any CPU.Build.0 = Debug|Any CPU
		{801CD35A-B7D6-405D-A965-74D6A6CFE643}.Release|Any CPU.ActiveCfg = Release|Any CPU
		{801CD35A-B7D6-405D-A965-74D6A6CFE643}.Release|Any CPU.Build.0 = Release|Any CPU
	EndGlobalSection
	GlobalSection(SolutionProperties) = preSolution
		HideSolutionNode = FALSE
	EndGlobalSection
	GlobalSection(ExtensibilityGlobals) = postSolution
		SolutionGuid = {447F8955-0416-4C65-9874-EA130483524C}
	EndGlobalSection
EndGlobal
